// !$*UTF8*$!
{
	archiveVersion = 1;
	classes = {
	};
	objectVersion = 55;
	objects = {

/* Begin PBXBuildFile section */
		6D060D1465623CCD19318B69 /* Pods_datn_app.framework in Frameworks */ = {isa = PBXBuildFile; fileRef = 65C89562E6BC4AE74F9CFE79 /* Pods_datn_app.framework */; };
		F8258F03292231E3004F81D9 /* Main.storyboard in Resources */ = {isa = PBXBuildFile; fileRef = F8258F01292231E3004F81D9 /* Main.storyboard */; };
		F8258F05292231ED004F81D9 /* Assets.xcassets in Resources */ = {isa = PBXBuildFile; fileRef = F8258F04292231ED004F81D9 /* Assets.xcassets */; };
		F8258F08292231ED004F81D9 /* LaunchScreen.storyboard in Resources */ = {isa = PBXBuildFile; fileRef = F8258F06292231ED004F81D9 /* LaunchScreen.storyboard */; };
		F8258F3329223AE2004F81D9 /* UIImageView+Extension.swift in Sources */ = {isa = PBXBuildFile; fileRef = F8258F1829223ADD004F81D9 /* UIImageView+Extension.swift */; };
		F8258F3429223AE2004F81D9 /* Data+Extension.swift in Sources */ = {isa = PBXBuildFile; fileRef = F8258F1929223ADD004F81D9 /* Data+Extension.swift */; };
		F8258F3529223AE2004F81D9 /* NSObject+Extension.swift in Sources */ = {isa = PBXBuildFile; fileRef = F8258F1A29223ADD004F81D9 /* NSObject+Extension.swift */; };
		F8258F3629223AE2004F81D9 /* UIScrollView+Extension.swift in Sources */ = {isa = PBXBuildFile; fileRef = F8258F1B29223ADD004F81D9 /* UIScrollView+Extension.swift */; };
		F8258F3729223AE2004F81D9 /* PaddingLabelExtension.swift in Sources */ = {isa = PBXBuildFile; fileRef = F8258F1C29223ADE004F81D9 /* PaddingLabelExtension.swift */; };
		F8258F3829223AE2004F81D9 /* ReactiveUIControl+Extension.swift in Sources */ = {isa = PBXBuildFile; fileRef = F8258F1D29223ADE004F81D9 /* ReactiveUIControl+Extension.swift */; };
		F8258F3929223AE2004F81D9 /* TabbarController+Extension.swift in Sources */ = {isa = PBXBuildFile; fileRef = F8258F1E29223ADE004F81D9 /* TabbarController+Extension.swift */; };
		F8258F3A29223AE2004F81D9 /* UIBarButtonItem+Extension.swift in Sources */ = {isa = PBXBuildFile; fileRef = F8258F1F29223ADE004F81D9 /* UIBarButtonItem+Extension.swift */; };
		F8258F3B29223AE2004F81D9 /* Collection+Extension.swift in Sources */ = {isa = PBXBuildFile; fileRef = F8258F2029223ADE004F81D9 /* Collection+Extension.swift */; };
		F8258F3C29223AE2004F81D9 /* UIButton+Extension.swift in Sources */ = {isa = PBXBuildFile; fileRef = F8258F2129223ADE004F81D9 /* UIButton+Extension.swift */; };
		F8258F3D29223AE2004F81D9 /* NavigationController+Extension.swift in Sources */ = {isa = PBXBuildFile; fileRef = F8258F2229223ADF004F81D9 /* NavigationController+Extension.swift */; };
		F8258F3E29223AE2004F81D9 /* ViewController+Extension.swift in Sources */ = {isa = PBXBuildFile; fileRef = F8258F2329223ADF004F81D9 /* ViewController+Extension.swift */; };
		F8258F3F29223AE2004F81D9 /* CollectionView+Extension.swift in Sources */ = {isa = PBXBuildFile; fileRef = F8258F2429223ADF004F81D9 /* CollectionView+Extension.swift */; };
		F8258F4029223AE2004F81D9 /* CIImage+Extension.swift in Sources */ = {isa = PBXBuildFile; fileRef = F8258F2529223ADF004F81D9 /* CIImage+Extension.swift */; };
		F8258F4129223AE2004F81D9 /* UIFont+Extension.swift in Sources */ = {isa = PBXBuildFile; fileRef = F8258F2629223ADF004F81D9 /* UIFont+Extension.swift */; };
		F8258F4229223AE2004F81D9 /* Int64+Extension.swift in Sources */ = {isa = PBXBuildFile; fileRef = F8258F2729223AE0004F81D9 /* Int64+Extension.swift */; };
		F8258F4329223AE2004F81D9 /* Array+Extension.swift in Sources */ = {isa = PBXBuildFile; fileRef = F8258F2829223AE0004F81D9 /* Array+Extension.swift */; };
		F8258F4429223AE2004F81D9 /* ReactiveTextfield+Extension.swift in Sources */ = {isa = PBXBuildFile; fileRef = F8258F2929223AE0004F81D9 /* ReactiveTextfield+Extension.swift */; };
		F8258F4529223AE2004F81D9 /* String+Extension.swift in Sources */ = {isa = PBXBuildFile; fileRef = F8258F2A29223AE0004F81D9 /* String+Extension.swift */; };
		F8258F4629223AE2004F81D9 /* Date+Extension.swift in Sources */ = {isa = PBXBuildFile; fileRef = F8258F2B29223AE0004F81D9 /* Date+Extension.swift */; };
		F8258F4729223AE2004F81D9 /* NSLayoutConstraint+Extension.swift in Sources */ = {isa = PBXBuildFile; fileRef = F8258F2C29223AE0004F81D9 /* NSLayoutConstraint+Extension.swift */; };
		F8258F4829223AE2004F81D9 /* Observable+Operators.swift in Sources */ = {isa = PBXBuildFile; fileRef = F8258F2D29223AE1004F81D9 /* Observable+Operators.swift */; };
		F8258F4929223AE2004F81D9 /* Doule+Extension.swift in Sources */ = {isa = PBXBuildFile; fileRef = F8258F2E29223AE1004F81D9 /* Doule+Extension.swift */; };
		F8258F4A29223AE2004F81D9 /* UIView+Extension.swift in Sources */ = {isa = PBXBuildFile; fileRef = F8258F2F29223AE1004F81D9 /* UIView+Extension.swift */; };
		F8258F4B29223AE2004F81D9 /* Switch+Extension.swift in Sources */ = {isa = PBXBuildFile; fileRef = F8258F3029223AE1004F81D9 /* Switch+Extension.swift */; };
		F8258F4C29223AE2004F81D9 /* Textfield+Extension.swift in Sources */ = {isa = PBXBuildFile; fileRef = F8258F3129223AE1004F81D9 /* Textfield+Extension.swift */; };
		F8258F4D29223AE2004F81D9 /* AVPlayer+Ext.swift in Sources */ = {isa = PBXBuildFile; fileRef = F8258F3229223AE2004F81D9 /* AVPlayer+Ext.swift */; };
		F8258F5129223B8D004F81D9 /* Provider.swift in Sources */ = {isa = PBXBuildFile; fileRef = F8258F5029223B8D004F81D9 /* Provider.swift */; };
		F8258F5329223BA0004F81D9 /* PingManager.swift in Sources */ = {isa = PBXBuildFile; fileRef = F8258F5229223BA0004F81D9 /* PingManager.swift */; };
		F8258F5529223BE6004F81D9 /* AppMessagesManager.swift in Sources */ = {isa = PBXBuildFile; fileRef = F8258F5429223BE6004F81D9 /* AppMessagesManager.swift */; };
		F8258F5729223BF2004F81D9 /* Constant.swift in Sources */ = {isa = PBXBuildFile; fileRef = F8258F5629223BF2004F81D9 /* Constant.swift */; };
		F8258F5C29223C11004F81D9 /* TimeConvert.swift in Sources */ = {isa = PBXBuildFile; fileRef = F8258F5829223C10004F81D9 /* TimeConvert.swift */; };
		F8258F5D29223C11004F81D9 /* Validation.swift in Sources */ = {isa = PBXBuildFile; fileRef = F8258F5929223C11004F81D9 /* Validation.swift */; };
		F8258F5F29223C11004F81D9 /* UserDefaultUtils.swift in Sources */ = {isa = PBXBuildFile; fileRef = F8258F5B29223C11004F81D9 /* UserDefaultUtils.swift */; };
		F8258F6129223C4E004F81D9 /* AppLogger.swift in Sources */ = {isa = PBXBuildFile; fileRef = F8258F6029223C4E004F81D9 /* AppLogger.swift */; };
		F8258F6329223C62004F81D9 /* TargetType.swift in Sources */ = {isa = PBXBuildFile; fileRef = F8258F6229223C62004F81D9 /* TargetType.swift */; };
		F8258F6529223C6D004F81D9 /* ClientAPI.swift in Sources */ = {isa = PBXBuildFile; fileRef = F8258F6429223C6D004F81D9 /* ClientAPI.swift */; };
		F8258F6729223C81004F81D9 /* QRCodeGenerate.swift in Sources */ = {isa = PBXBuildFile; fileRef = F8258F6629223C81004F81D9 /* QRCodeGenerate.swift */; };
		F8258F6A29223D41004F81D9 /* ReachabilityService.swift in Sources */ = {isa = PBXBuildFile; fileRef = F8258F6929223D41004F81D9 /* ReachabilityService.swift */; };
		F8258F7129224143004F81D9 /* AppDelegate.swift in Sources */ = {isa = PBXBuildFile; fileRef = F8258F6F29224143004F81D9 /* AppDelegate.swift */; };
		F8258F7229224143004F81D9 /* SceneDelegate.swift in Sources */ = {isa = PBXBuildFile; fileRef = F8258F7029224143004F81D9 /* SceneDelegate.swift */; };
		F8312D622925D43600FC6073 /* LoginViewController.swift in Sources */ = {isa = PBXBuildFile; fileRef = F8312D602925D43600FC6073 /* LoginViewController.swift */; };
		F8312D632925D43600FC6073 /* LoginViewController.xib in Resources */ = {isa = PBXBuildFile; fileRef = F8312D612925D43600FC6073 /* LoginViewController.xib */; };
		F8312D8529260CA000FC6073 /* Roboto-Medium.ttf in Resources */ = {isa = PBXBuildFile; fileRef = F8312D6729260CA000FC6073 /* Roboto-Medium.ttf */; };
		F8312D8629260CA000FC6073 /* Roboto-Light.ttf in Resources */ = {isa = PBXBuildFile; fileRef = F8312D6829260CA000FC6073 /* Roboto-Light.ttf */; };
		F8312D8729260CA000FC6073 /* OpenSans-SemiBold.ttf in Resources */ = {isa = PBXBuildFile; fileRef = F8312D6929260CA000FC6073 /* OpenSans-SemiBold.ttf */; };
		F8312D8829260CA000FC6073 /* RobotoCondensed-Bold.ttf in Resources */ = {isa = PBXBuildFile; fileRef = F8312D6A29260CA000FC6073 /* RobotoCondensed-Bold.ttf */; };
		F8312D8929260CA000FC6073 /* RobotoCondensed-Light.ttf in Resources */ = {isa = PBXBuildFile; fileRef = F8312D6B29260CA000FC6073 /* RobotoCondensed-Light.ttf */; };
		F8312D8A29260CA000FC6073 /* Roboto-Regular.ttf in Resources */ = {isa = PBXBuildFile; fileRef = F8312D6C29260CA000FC6073 /* Roboto-Regular.ttf */; };
		F8312D8B29260CA000FC6073 /* Roboto-MediumItalic.ttf in Resources */ = {isa = PBXBuildFile; fileRef = F8312D6D29260CA000FC6073 /* Roboto-MediumItalic.ttf */; };
		F8312D8C29260CA000FC6073 /* RobotoCondensed-Italic.ttf in Resources */ = {isa = PBXBuildFile; fileRef = F8312D6E29260CA000FC6073 /* RobotoCondensed-Italic.ttf */; };
		F8312D8D29260CA000FC6073 /* RobotoCondensed-BoldItalic.ttf in Resources */ = {isa = PBXBuildFile; fileRef = F8312D6F29260CA000FC6073 /* RobotoCondensed-BoldItalic.ttf */; };
		F8312D8E29260CA000FC6073 /* OpenSans-Light.ttf in Resources */ = {isa = PBXBuildFile; fileRef = F8312D7029260CA000FC6073 /* OpenSans-Light.ttf */; };
		F8312D8F29260CA000FC6073 /* OpenSans-Italic.ttf in Resources */ = {isa = PBXBuildFile; fileRef = F8312D7129260CA000FC6073 /* OpenSans-Italic.ttf */; };
		F8312D9029260CA000FC6073 /* Apache License.txt in Resources */ = {isa = PBXBuildFile; fileRef = F8312D7229260CA000FC6073 /* Apache License.txt */; };
		F8312D9129260CA000FC6073 /* RobotoCondensed-LightItalic.ttf in Resources */ = {isa = PBXBuildFile; fileRef = F8312D7329260CA000FC6073 /* RobotoCondensed-LightItalic.ttf */; };
		F8312D9229260CA000FC6073 /* OpenSans-ExtraBold.ttf in Resources */ = {isa = PBXBuildFile; fileRef = F8312D7429260CA000FC6073 /* OpenSans-ExtraBold.ttf */; };
		F8312D9329260CA000FC6073 /* OpenSans-LightItalic.ttf in Resources */ = {isa = PBXBuildFile; fileRef = F8312D7529260CA000FC6073 /* OpenSans-LightItalic.ttf */; };
		F8312D9429260CA000FC6073 /* Roboto-ThinItalic.ttf in Resources */ = {isa = PBXBuildFile; fileRef = F8312D7629260CA000FC6073 /* Roboto-ThinItalic.ttf */; };
		F8312D9529260CA000FC6073 /* RobotoCondensed-Regular.ttf in Resources */ = {isa = PBXBuildFile; fileRef = F8312D7729260CA000FC6073 /* RobotoCondensed-Regular.ttf */; };
		F8312D9629260CA000FC6073 /* OpenSans-Bold.ttf in Resources */ = {isa = PBXBuildFile; fileRef = F8312D7829260CA000FC6073 /* OpenSans-Bold.ttf */; };
		F8312D9729260CA000FC6073 /* Roboto-BoldItalic.ttf in Resources */ = {isa = PBXBuildFile; fileRef = F8312D7929260CA000FC6073 /* Roboto-BoldItalic.ttf */; };
		F8312D9829260CA000FC6073 /* OpenSans-SemiBoldItalic.ttf in Resources */ = {isa = PBXBuildFile; fileRef = F8312D7A29260CA000FC6073 /* OpenSans-SemiBoldItalic.ttf */; };
		F8312D9929260CA000FC6073 /* Roboto-LightItalic.ttf in Resources */ = {isa = PBXBuildFile; fileRef = F8312D7B29260CA000FC6073 /* Roboto-LightItalic.ttf */; };
		F8312D9A29260CA000FC6073 /* OpenSans-ExtraBoldItalic.ttf in Resources */ = {isa = PBXBuildFile; fileRef = F8312D7C29260CA000FC6073 /* OpenSans-ExtraBoldItalic.ttf */; };
		F8312D9B29260CA000FC6073 /* Roboto-Italic.ttf in Resources */ = {isa = PBXBuildFile; fileRef = F8312D7D29260CA000FC6073 /* Roboto-Italic.ttf */; };
		F8312D9C29260CA000FC6073 /* LICENSE.txt in Resources */ = {isa = PBXBuildFile; fileRef = F8312D7E29260CA000FC6073 /* LICENSE.txt */; };
		F8312D9D29260CA000FC6073 /* Roboto-BlackItalic.ttf in Resources */ = {isa = PBXBuildFile; fileRef = F8312D7F29260CA000FC6073 /* Roboto-BlackItalic.ttf */; };
		F8312D9E29260CA000FC6073 /* OpenSans-Regular.ttf in Resources */ = {isa = PBXBuildFile; fileRef = F8312D8029260CA000FC6073 /* OpenSans-Regular.ttf */; };
		F8312D9F29260CA000FC6073 /* OpenSans-BoldItalic.ttf in Resources */ = {isa = PBXBuildFile; fileRef = F8312D8129260CA000FC6073 /* OpenSans-BoldItalic.ttf */; };
		F8312DA029260CA000FC6073 /* Roboto-Bold.ttf in Resources */ = {isa = PBXBuildFile; fileRef = F8312D8229260CA000FC6073 /* Roboto-Bold.ttf */; };
		F8312DA129260CA000FC6073 /* Roboto-Thin.ttf in Resources */ = {isa = PBXBuildFile; fileRef = F8312D8329260CA000FC6073 /* Roboto-Thin.ttf */; };
		F8312DA229260CA000FC6073 /* Roboto-Black.ttf in Resources */ = {isa = PBXBuildFile; fileRef = F8312D8429260CA000FC6073 /* Roboto-Black.ttf */; };
		F8312DA729260E5D00FC6073 /* TextFieldCustom.swift in Sources */ = {isa = PBXBuildFile; fileRef = F8312DA629260E5D00FC6073 /* TextFieldCustom.swift */; };
		F8312DA929260E7A00FC6073 /* TextFieldCustom.xib in Resources */ = {isa = PBXBuildFile; fileRef = F8312DA829260E7A00FC6073 /* TextFieldCustom.xib */; };
		F8312DAB2926272D00FC6073 /* LAContext+Extension.swift in Sources */ = {isa = PBXBuildFile; fileRef = F8312DAA2926272D00FC6073 /* LAContext+Extension.swift */; };
		F8312DAF2926352B00FC6073 /* PopupCustom.swift in Sources */ = {isa = PBXBuildFile; fileRef = F8312DAD2926352B00FC6073 /* PopupCustom.swift */; };
		F8312DB02926352B00FC6073 /* PopupCustom.xib in Resources */ = {isa = PBXBuildFile; fileRef = F8312DAE2926352B00FC6073 /* PopupCustom.xib */; };
		F8312DB5292717DC00FC6073 /* RootTabBarViewController.swift in Sources */ = {isa = PBXBuildFile; fileRef = F8312DB4292717DC00FC6073 /* RootTabBarViewController.swift */; };
		F8312DBC292718EE00FC6073 /* HomeViewController.swift in Sources */ = {isa = PBXBuildFile; fileRef = F8312DBA292718EE00FC6073 /* HomeViewController.swift */; };
		F8312DBD292718EE00FC6073 /* HomeViewController.xib in Resources */ = {isa = PBXBuildFile; fileRef = F8312DBB292718EE00FC6073 /* HomeViewController.xib */; };
		F8312DC02927193C00FC6073 /* NotificationViewController.swift in Sources */ = {isa = PBXBuildFile; fileRef = F8312DBE2927193C00FC6073 /* NotificationViewController.swift */; };
		F8312DC12927193C00FC6073 /* NotificationViewController.xib in Resources */ = {isa = PBXBuildFile; fileRef = F8312DBF2927193C00FC6073 /* NotificationViewController.xib */; };
		F8312DC42927196400FC6073 /* IndividualViewController.swift in Sources */ = {isa = PBXBuildFile; fileRef = F8312DC22927196400FC6073 /* IndividualViewController.swift */; };
		F8312DC52927196400FC6073 /* IndividualViewController.xib in Resources */ = {isa = PBXBuildFile; fileRef = F8312DC32927196400FC6073 /* IndividualViewController.xib */; };
		F8312DC82927198E00FC6073 /* LearningViewController.swift in Sources */ = {isa = PBXBuildFile; fileRef = F8312DC62927198E00FC6073 /* LearningViewController.swift */; };
		F8312DC92927198F00FC6073 /* LearningViewController.xib in Resources */ = {isa = PBXBuildFile; fileRef = F8312DC72927198E00FC6073 /* LearningViewController.xib */; };
		F8312DCD292726B100FC6073 /* SplashViewController.swift in Sources */ = {isa = PBXBuildFile; fileRef = F8312DCB292726B100FC6073 /* SplashViewController.swift */; };
		F8312DCE292726B100FC6073 /* SplashViewController.xib in Resources */ = {isa = PBXBuildFile; fileRef = F8312DCC292726B100FC6073 /* SplashViewController.xib */; };
		F8312DD22927448300FC6073 /* DefaultHomeTableViewCell.swift in Sources */ = {isa = PBXBuildFile; fileRef = F8312DD02927448300FC6073 /* DefaultHomeTableViewCell.swift */; };
		F8312DD32927448300FC6073 /* DefaultHomeTableViewCell.xib in Resources */ = {isa = PBXBuildFile; fileRef = F8312DD12927448300FC6073 /* DefaultHomeTableViewCell.xib */; };
		F8312DD8292744CE00FC6073 /* PopularFeatureCell.swift in Sources */ = {isa = PBXBuildFile; fileRef = F8312DD6292744CE00FC6073 /* PopularFeatureCell.swift */; };
		F8312DD9292744CE00FC6073 /* PopularFeatureCell.xib in Resources */ = {isa = PBXBuildFile; fileRef = F8312DD7292744CE00FC6073 /* PopularFeatureCell.xib */; };
		F8312DDD292745A500FC6073 /* HotNewsCell.swift in Sources */ = {isa = PBXBuildFile; fileRef = F8312DDB292745A500FC6073 /* HotNewsCell.swift */; };
		F8312DDE292745A500FC6073 /* HotNewsCell.xib in Resources */ = {isa = PBXBuildFile; fileRef = F8312DDC292745A500FC6073 /* HotNewsCell.xib */; };
		F8312DE2292765D200FC6073 /* HeaderCell.swift in Sources */ = {isa = PBXBuildFile; fileRef = F8312DE0292765D200FC6073 /* HeaderCell.swift */; };
		F8312DE3292765D200FC6073 /* HeaderCell.xib in Resources */ = {isa = PBXBuildFile; fileRef = F8312DE1292765D200FC6073 /* HeaderCell.xib */; };
		F8312DE92928814700FC6073 /* ScheduleCell.swift in Sources */ = {isa = PBXBuildFile; fileRef = F8312DE72928814700FC6073 /* ScheduleCell.swift */; };
		F8312DEA2928814700FC6073 /* ScheduleCell.xib in Resources */ = {isa = PBXBuildFile; fileRef = F8312DE82928814700FC6073 /* ScheduleCell.xib */; };
/* End PBXBuildFile section */

/* Begin PBXFileReference section */
		3F8B446687BD2A76E3C9EE67 /* Pods-datn-app.release.xcconfig */ = {isa = PBXFileReference; includeInIndex = 1; lastKnownFileType = text.xcconfig; name = "Pods-datn-app.release.xcconfig"; path = "Target Support Files/Pods-datn-app/Pods-datn-app.release.xcconfig"; sourceTree = "<group>"; };
		65C89562E6BC4AE74F9CFE79 /* Pods_datn_app.framework */ = {isa = PBXFileReference; explicitFileType = wrapper.framework; includeInIndex = 0; path = Pods_datn_app.framework; sourceTree = BUILT_PRODUCTS_DIR; };
		8267E7EEB3F002C59F250738 /* Pods-datn-app.debug.xcconfig */ = {isa = PBXFileReference; includeInIndex = 1; lastKnownFileType = text.xcconfig; name = "Pods-datn-app.debug.xcconfig"; path = "Target Support Files/Pods-datn-app/Pods-datn-app.debug.xcconfig"; sourceTree = "<group>"; };
		F8258EF8292231E3004F81D9 /* datn-app.app */ = {isa = PBXFileReference; explicitFileType = wrapper.application; includeInIndex = 0; path = "datn-app.app"; sourceTree = BUILT_PRODUCTS_DIR; };
		F8258F02292231E3004F81D9 /* Base */ = {isa = PBXFileReference; lastKnownFileType = file.storyboard; name = Base; path = Base.lproj/Main.storyboard; sourceTree = "<group>"; };
		F8258F04292231ED004F81D9 /* Assets.xcassets */ = {isa = PBXFileReference; lastKnownFileType = folder.assetcatalog; path = Assets.xcassets; sourceTree = "<group>"; };
		F8258F07292231ED004F81D9 /* Base */ = {isa = PBXFileReference; lastKnownFileType = file.storyboard; name = Base; path = Base.lproj/LaunchScreen.storyboard; sourceTree = "<group>"; };
		F8258F09292231ED004F81D9 /* Info.plist */ = {isa = PBXFileReference; lastKnownFileType = text.plist.xml; path = Info.plist; sourceTree = "<group>"; };
		F8258F1829223ADD004F81D9 /* UIImageView+Extension.swift */ = {isa = PBXFileReference; fileEncoding = 4; lastKnownFileType = sourcecode.swift; path = "UIImageView+Extension.swift"; sourceTree = "<group>"; };
		F8258F1929223ADD004F81D9 /* Data+Extension.swift */ = {isa = PBXFileReference; fileEncoding = 4; lastKnownFileType = sourcecode.swift; path = "Data+Extension.swift"; sourceTree = "<group>"; };
		F8258F1A29223ADD004F81D9 /* NSObject+Extension.swift */ = {isa = PBXFileReference; fileEncoding = 4; lastKnownFileType = sourcecode.swift; path = "NSObject+Extension.swift"; sourceTree = "<group>"; };
		F8258F1B29223ADD004F81D9 /* UIScrollView+Extension.swift */ = {isa = PBXFileReference; fileEncoding = 4; lastKnownFileType = sourcecode.swift; path = "UIScrollView+Extension.swift"; sourceTree = "<group>"; };
		F8258F1C29223ADE004F81D9 /* PaddingLabelExtension.swift */ = {isa = PBXFileReference; fileEncoding = 4; lastKnownFileType = sourcecode.swift; path = PaddingLabelExtension.swift; sourceTree = "<group>"; };
		F8258F1D29223ADE004F81D9 /* ReactiveUIControl+Extension.swift */ = {isa = PBXFileReference; fileEncoding = 4; lastKnownFileType = sourcecode.swift; path = "ReactiveUIControl+Extension.swift"; sourceTree = "<group>"; };
		F8258F1E29223ADE004F81D9 /* TabbarController+Extension.swift */ = {isa = PBXFileReference; fileEncoding = 4; lastKnownFileType = sourcecode.swift; path = "TabbarController+Extension.swift"; sourceTree = "<group>"; };
		F8258F1F29223ADE004F81D9 /* UIBarButtonItem+Extension.swift */ = {isa = PBXFileReference; fileEncoding = 4; lastKnownFileType = sourcecode.swift; path = "UIBarButtonItem+Extension.swift"; sourceTree = "<group>"; };
		F8258F2029223ADE004F81D9 /* Collection+Extension.swift */ = {isa = PBXFileReference; fileEncoding = 4; lastKnownFileType = sourcecode.swift; path = "Collection+Extension.swift"; sourceTree = "<group>"; };
		F8258F2129223ADE004F81D9 /* UIButton+Extension.swift */ = {isa = PBXFileReference; fileEncoding = 4; lastKnownFileType = sourcecode.swift; path = "UIButton+Extension.swift"; sourceTree = "<group>"; };
		F8258F2229223ADF004F81D9 /* NavigationController+Extension.swift */ = {isa = PBXFileReference; fileEncoding = 4; lastKnownFileType = sourcecode.swift; path = "NavigationController+Extension.swift"; sourceTree = "<group>"; };
		F8258F2329223ADF004F81D9 /* ViewController+Extension.swift */ = {isa = PBXFileReference; fileEncoding = 4; lastKnownFileType = sourcecode.swift; path = "ViewController+Extension.swift"; sourceTree = "<group>"; };
		F8258F2429223ADF004F81D9 /* CollectionView+Extension.swift */ = {isa = PBXFileReference; fileEncoding = 4; lastKnownFileType = sourcecode.swift; path = "CollectionView+Extension.swift"; sourceTree = "<group>"; };
		F8258F2529223ADF004F81D9 /* CIImage+Extension.swift */ = {isa = PBXFileReference; fileEncoding = 4; lastKnownFileType = sourcecode.swift; path = "CIImage+Extension.swift"; sourceTree = "<group>"; };
		F8258F2629223ADF004F81D9 /* UIFont+Extension.swift */ = {isa = PBXFileReference; fileEncoding = 4; lastKnownFileType = sourcecode.swift; path = "UIFont+Extension.swift"; sourceTree = "<group>"; };
		F8258F2729223AE0004F81D9 /* Int64+Extension.swift */ = {isa = PBXFileReference; fileEncoding = 4; lastKnownFileType = sourcecode.swift; path = "Int64+Extension.swift"; sourceTree = "<group>"; };
		F8258F2829223AE0004F81D9 /* Array+Extension.swift */ = {isa = PBXFileReference; fileEncoding = 4; lastKnownFileType = sourcecode.swift; path = "Array+Extension.swift"; sourceTree = "<group>"; };
		F8258F2929223AE0004F81D9 /* ReactiveTextfield+Extension.swift */ = {isa = PBXFileReference; fileEncoding = 4; lastKnownFileType = sourcecode.swift; path = "ReactiveTextfield+Extension.swift"; sourceTree = "<group>"; };
		F8258F2A29223AE0004F81D9 /* String+Extension.swift */ = {isa = PBXFileReference; fileEncoding = 4; lastKnownFileType = sourcecode.swift; path = "String+Extension.swift"; sourceTree = "<group>"; };
		F8258F2B29223AE0004F81D9 /* Date+Extension.swift */ = {isa = PBXFileReference; fileEncoding = 4; lastKnownFileType = sourcecode.swift; path = "Date+Extension.swift"; sourceTree = "<group>"; };
		F8258F2C29223AE0004F81D9 /* NSLayoutConstraint+Extension.swift */ = {isa = PBXFileReference; fileEncoding = 4; lastKnownFileType = sourcecode.swift; path = "NSLayoutConstraint+Extension.swift"; sourceTree = "<group>"; };
		F8258F2D29223AE1004F81D9 /* Observable+Operators.swift */ = {isa = PBXFileReference; fileEncoding = 4; lastKnownFileType = sourcecode.swift; path = "Observable+Operators.swift"; sourceTree = "<group>"; };
		F8258F2E29223AE1004F81D9 /* Doule+Extension.swift */ = {isa = PBXFileReference; fileEncoding = 4; lastKnownFileType = sourcecode.swift; path = "Doule+Extension.swift"; sourceTree = "<group>"; };
		F8258F2F29223AE1004F81D9 /* UIView+Extension.swift */ = {isa = PBXFileReference; fileEncoding = 4; lastKnownFileType = sourcecode.swift; path = "UIView+Extension.swift"; sourceTree = "<group>"; };
		F8258F3029223AE1004F81D9 /* Switch+Extension.swift */ = {isa = PBXFileReference; fileEncoding = 4; lastKnownFileType = sourcecode.swift; path = "Switch+Extension.swift"; sourceTree = "<group>"; };
		F8258F3129223AE1004F81D9 /* Textfield+Extension.swift */ = {isa = PBXFileReference; fileEncoding = 4; lastKnownFileType = sourcecode.swift; path = "Textfield+Extension.swift"; sourceTree = "<group>"; };
		F8258F3229223AE2004F81D9 /* AVPlayer+Ext.swift */ = {isa = PBXFileReference; fileEncoding = 4; lastKnownFileType = sourcecode.swift; path = "AVPlayer+Ext.swift"; sourceTree = "<group>"; };
		F8258F5029223B8D004F81D9 /* Provider.swift */ = {isa = PBXFileReference; fileEncoding = 4; lastKnownFileType = sourcecode.swift; path = Provider.swift; sourceTree = "<group>"; };
		F8258F5229223BA0004F81D9 /* PingManager.swift */ = {isa = PBXFileReference; fileEncoding = 4; lastKnownFileType = sourcecode.swift; path = PingManager.swift; sourceTree = "<group>"; };
		F8258F5429223BE6004F81D9 /* AppMessagesManager.swift */ = {isa = PBXFileReference; fileEncoding = 4; lastKnownFileType = sourcecode.swift; path = AppMessagesManager.swift; sourceTree = "<group>"; };
		F8258F5629223BF2004F81D9 /* Constant.swift */ = {isa = PBXFileReference; fileEncoding = 4; lastKnownFileType = sourcecode.swift; path = Constant.swift; sourceTree = "<group>"; };
		F8258F5829223C10004F81D9 /* TimeConvert.swift */ = {isa = PBXFileReference; fileEncoding = 4; lastKnownFileType = sourcecode.swift; path = TimeConvert.swift; sourceTree = "<group>"; };
		F8258F5929223C11004F81D9 /* Validation.swift */ = {isa = PBXFileReference; fileEncoding = 4; lastKnownFileType = sourcecode.swift; path = Validation.swift; sourceTree = "<group>"; };
		F8258F5B29223C11004F81D9 /* UserDefaultUtils.swift */ = {isa = PBXFileReference; fileEncoding = 4; lastKnownFileType = sourcecode.swift; path = UserDefaultUtils.swift; sourceTree = "<group>"; };
		F8258F6029223C4E004F81D9 /* AppLogger.swift */ = {isa = PBXFileReference; fileEncoding = 4; lastKnownFileType = sourcecode.swift; path = AppLogger.swift; sourceTree = "<group>"; };
		F8258F6229223C62004F81D9 /* TargetType.swift */ = {isa = PBXFileReference; fileEncoding = 4; lastKnownFileType = sourcecode.swift; path = TargetType.swift; sourceTree = "<group>"; };
		F8258F6429223C6D004F81D9 /* ClientAPI.swift */ = {isa = PBXFileReference; fileEncoding = 4; lastKnownFileType = sourcecode.swift; path = ClientAPI.swift; sourceTree = "<group>"; };
		F8258F6629223C81004F81D9 /* QRCodeGenerate.swift */ = {isa = PBXFileReference; fileEncoding = 4; lastKnownFileType = sourcecode.swift; path = QRCodeGenerate.swift; sourceTree = "<group>"; };
		F8258F6929223D41004F81D9 /* ReachabilityService.swift */ = {isa = PBXFileReference; fileEncoding = 4; lastKnownFileType = sourcecode.swift; path = ReachabilityService.swift; sourceTree = "<group>"; };
		F8258F6F29224143004F81D9 /* AppDelegate.swift */ = {isa = PBXFileReference; fileEncoding = 4; lastKnownFileType = sourcecode.swift; path = AppDelegate.swift; sourceTree = "<group>"; };
		F8258F7029224143004F81D9 /* SceneDelegate.swift */ = {isa = PBXFileReference; fileEncoding = 4; lastKnownFileType = sourcecode.swift; path = SceneDelegate.swift; sourceTree = "<group>"; };
		F8312D602925D43600FC6073 /* LoginViewController.swift */ = {isa = PBXFileReference; lastKnownFileType = sourcecode.swift; path = LoginViewController.swift; sourceTree = "<group>"; };
		F8312D612925D43600FC6073 /* LoginViewController.xib */ = {isa = PBXFileReference; lastKnownFileType = file.xib; path = LoginViewController.xib; sourceTree = "<group>"; };
		F8312D6729260CA000FC6073 /* Roboto-Medium.ttf */ = {isa = PBXFileReference; lastKnownFileType = file; path = "Roboto-Medium.ttf"; sourceTree = "<group>"; };
		F8312D6829260CA000FC6073 /* Roboto-Light.ttf */ = {isa = PBXFileReference; lastKnownFileType = file; path = "Roboto-Light.ttf"; sourceTree = "<group>"; };
		F8312D6929260CA000FC6073 /* OpenSans-SemiBold.ttf */ = {isa = PBXFileReference; lastKnownFileType = file; path = "OpenSans-SemiBold.ttf"; sourceTree = "<group>"; };
		F8312D6A29260CA000FC6073 /* RobotoCondensed-Bold.ttf */ = {isa = PBXFileReference; lastKnownFileType = file; path = "RobotoCondensed-Bold.ttf"; sourceTree = "<group>"; };
		F8312D6B29260CA000FC6073 /* RobotoCondensed-Light.ttf */ = {isa = PBXFileReference; lastKnownFileType = file; path = "RobotoCondensed-Light.ttf"; sourceTree = "<group>"; };
		F8312D6C29260CA000FC6073 /* Roboto-Regular.ttf */ = {isa = PBXFileReference; lastKnownFileType = file; path = "Roboto-Regular.ttf"; sourceTree = "<group>"; };
		F8312D6D29260CA000FC6073 /* Roboto-MediumItalic.ttf */ = {isa = PBXFileReference; lastKnownFileType = file; path = "Roboto-MediumItalic.ttf"; sourceTree = "<group>"; };
		F8312D6E29260CA000FC6073 /* RobotoCondensed-Italic.ttf */ = {isa = PBXFileReference; lastKnownFileType = file; path = "RobotoCondensed-Italic.ttf"; sourceTree = "<group>"; };
		F8312D6F29260CA000FC6073 /* RobotoCondensed-BoldItalic.ttf */ = {isa = PBXFileReference; lastKnownFileType = file; path = "RobotoCondensed-BoldItalic.ttf"; sourceTree = "<group>"; };
		F8312D7029260CA000FC6073 /* OpenSans-Light.ttf */ = {isa = PBXFileReference; lastKnownFileType = file; path = "OpenSans-Light.ttf"; sourceTree = "<group>"; };
		F8312D7129260CA000FC6073 /* OpenSans-Italic.ttf */ = {isa = PBXFileReference; lastKnownFileType = file; path = "OpenSans-Italic.ttf"; sourceTree = "<group>"; };
		F8312D7229260CA000FC6073 /* Apache License.txt */ = {isa = PBXFileReference; fileEncoding = 4; lastKnownFileType = text; path = "Apache License.txt"; sourceTree = "<group>"; };
		F8312D7329260CA000FC6073 /* RobotoCondensed-LightItalic.ttf */ = {isa = PBXFileReference; lastKnownFileType = file; path = "RobotoCondensed-LightItalic.ttf"; sourceTree = "<group>"; };
		F8312D7429260CA000FC6073 /* OpenSans-ExtraBold.ttf */ = {isa = PBXFileReference; lastKnownFileType = file; path = "OpenSans-ExtraBold.ttf"; sourceTree = "<group>"; };
		F8312D7529260CA000FC6073 /* OpenSans-LightItalic.ttf */ = {isa = PBXFileReference; lastKnownFileType = file; path = "OpenSans-LightItalic.ttf"; sourceTree = "<group>"; };
		F8312D7629260CA000FC6073 /* Roboto-ThinItalic.ttf */ = {isa = PBXFileReference; lastKnownFileType = file; path = "Roboto-ThinItalic.ttf"; sourceTree = "<group>"; };
		F8312D7729260CA000FC6073 /* RobotoCondensed-Regular.ttf */ = {isa = PBXFileReference; lastKnownFileType = file; path = "RobotoCondensed-Regular.ttf"; sourceTree = "<group>"; };
		F8312D7829260CA000FC6073 /* OpenSans-Bold.ttf */ = {isa = PBXFileReference; lastKnownFileType = file; path = "OpenSans-Bold.ttf"; sourceTree = "<group>"; };
		F8312D7929260CA000FC6073 /* Roboto-BoldItalic.ttf */ = {isa = PBXFileReference; lastKnownFileType = file; path = "Roboto-BoldItalic.ttf"; sourceTree = "<group>"; };
		F8312D7A29260CA000FC6073 /* OpenSans-SemiBoldItalic.ttf */ = {isa = PBXFileReference; lastKnownFileType = file; path = "OpenSans-SemiBoldItalic.ttf"; sourceTree = "<group>"; };
		F8312D7B29260CA000FC6073 /* Roboto-LightItalic.ttf */ = {isa = PBXFileReference; lastKnownFileType = file; path = "Roboto-LightItalic.ttf"; sourceTree = "<group>"; };
		F8312D7C29260CA000FC6073 /* OpenSans-ExtraBoldItalic.ttf */ = {isa = PBXFileReference; lastKnownFileType = file; path = "OpenSans-ExtraBoldItalic.ttf"; sourceTree = "<group>"; };
		F8312D7D29260CA000FC6073 /* Roboto-Italic.ttf */ = {isa = PBXFileReference; lastKnownFileType = file; path = "Roboto-Italic.ttf"; sourceTree = "<group>"; };
		F8312D7E29260CA000FC6073 /* LICENSE.txt */ = {isa = PBXFileReference; fileEncoding = 4; lastKnownFileType = text; path = LICENSE.txt; sourceTree = "<group>"; };
		F8312D7F29260CA000FC6073 /* Roboto-BlackItalic.ttf */ = {isa = PBXFileReference; lastKnownFileType = file; path = "Roboto-BlackItalic.ttf"; sourceTree = "<group>"; };
		F8312D8029260CA000FC6073 /* OpenSans-Regular.ttf */ = {isa = PBXFileReference; lastKnownFileType = file; path = "OpenSans-Regular.ttf"; sourceTree = "<group>"; };
		F8312D8129260CA000FC6073 /* OpenSans-BoldItalic.ttf */ = {isa = PBXFileReference; lastKnownFileType = file; path = "OpenSans-BoldItalic.ttf"; sourceTree = "<group>"; };
		F8312D8229260CA000FC6073 /* Roboto-Bold.ttf */ = {isa = PBXFileReference; lastKnownFileType = file; path = "Roboto-Bold.ttf"; sourceTree = "<group>"; };
		F8312D8329260CA000FC6073 /* Roboto-Thin.ttf */ = {isa = PBXFileReference; lastKnownFileType = file; path = "Roboto-Thin.ttf"; sourceTree = "<group>"; };
		F8312D8429260CA000FC6073 /* Roboto-Black.ttf */ = {isa = PBXFileReference; lastKnownFileType = file; path = "Roboto-Black.ttf"; sourceTree = "<group>"; };
		F8312DA629260E5D00FC6073 /* TextFieldCustom.swift */ = {isa = PBXFileReference; lastKnownFileType = sourcecode.swift; path = TextFieldCustom.swift; sourceTree = "<group>"; };
		F8312DA829260E7A00FC6073 /* TextFieldCustom.xib */ = {isa = PBXFileReference; lastKnownFileType = file.xib; path = TextFieldCustom.xib; sourceTree = "<group>"; };
		F8312DAA2926272D00FC6073 /* LAContext+Extension.swift */ = {isa = PBXFileReference; lastKnownFileType = sourcecode.swift; path = "LAContext+Extension.swift"; sourceTree = "<group>"; };
		F8312DAD2926352B00FC6073 /* PopupCustom.swift */ = {isa = PBXFileReference; lastKnownFileType = sourcecode.swift; path = PopupCustom.swift; sourceTree = "<group>"; };
		F8312DAE2926352B00FC6073 /* PopupCustom.xib */ = {isa = PBXFileReference; lastKnownFileType = file.xib; path = PopupCustom.xib; sourceTree = "<group>"; };
		F8312DB4292717DC00FC6073 /* RootTabBarViewController.swift */ = {isa = PBXFileReference; lastKnownFileType = sourcecode.swift; path = RootTabBarViewController.swift; sourceTree = "<group>"; };
		F8312DBA292718EE00FC6073 /* HomeViewController.swift */ = {isa = PBXFileReference; lastKnownFileType = sourcecode.swift; path = HomeViewController.swift; sourceTree = "<group>"; };
		F8312DBB292718EE00FC6073 /* HomeViewController.xib */ = {isa = PBXFileReference; lastKnownFileType = file.xib; path = HomeViewController.xib; sourceTree = "<group>"; };
		F8312DBE2927193C00FC6073 /* NotificationViewController.swift */ = {isa = PBXFileReference; lastKnownFileType = sourcecode.swift; path = NotificationViewController.swift; sourceTree = "<group>"; };
		F8312DBF2927193C00FC6073 /* NotificationViewController.xib */ = {isa = PBXFileReference; lastKnownFileType = file.xib; path = NotificationViewController.xib; sourceTree = "<group>"; };
		F8312DC22927196400FC6073 /* IndividualViewController.swift */ = {isa = PBXFileReference; lastKnownFileType = sourcecode.swift; path = IndividualViewController.swift; sourceTree = "<group>"; };
		F8312DC32927196400FC6073 /* IndividualViewController.xib */ = {isa = PBXFileReference; lastKnownFileType = file.xib; path = IndividualViewController.xib; sourceTree = "<group>"; };
		F8312DC62927198E00FC6073 /* LearningViewController.swift */ = {isa = PBXFileReference; lastKnownFileType = sourcecode.swift; path = LearningViewController.swift; sourceTree = "<group>"; };
		F8312DC72927198E00FC6073 /* LearningViewController.xib */ = {isa = PBXFileReference; lastKnownFileType = file.xib; path = LearningViewController.xib; sourceTree = "<group>"; };
		F8312DCB292726B100FC6073 /* SplashViewController.swift */ = {isa = PBXFileReference; lastKnownFileType = sourcecode.swift; path = SplashViewController.swift; sourceTree = "<group>"; };
		F8312DCC292726B100FC6073 /* SplashViewController.xib */ = {isa = PBXFileReference; lastKnownFileType = file.xib; path = SplashViewController.xib; sourceTree = "<group>"; };
		F8312DD02927448300FC6073 /* DefaultHomeTableViewCell.swift */ = {isa = PBXFileReference; lastKnownFileType = sourcecode.swift; path = DefaultHomeTableViewCell.swift; sourceTree = "<group>"; };
		F8312DD12927448300FC6073 /* DefaultHomeTableViewCell.xib */ = {isa = PBXFileReference; lastKnownFileType = file.xib; path = DefaultHomeTableViewCell.xib; sourceTree = "<group>"; };
		F8312DD6292744CE00FC6073 /* PopularFeatureCell.swift */ = {isa = PBXFileReference; lastKnownFileType = sourcecode.swift; path = PopularFeatureCell.swift; sourceTree = "<group>"; };
		F8312DD7292744CE00FC6073 /* PopularFeatureCell.xib */ = {isa = PBXFileReference; lastKnownFileType = file.xib; path = PopularFeatureCell.xib; sourceTree = "<group>"; };
		F8312DDB292745A500FC6073 /* HotNewsCell.swift */ = {isa = PBXFileReference; lastKnownFileType = sourcecode.swift; path = HotNewsCell.swift; sourceTree = "<group>"; };
		F8312DDC292745A500FC6073 /* HotNewsCell.xib */ = {isa = PBXFileReference; lastKnownFileType = file.xib; path = HotNewsCell.xib; sourceTree = "<group>"; };
		F8312DE0292765D200FC6073 /* HeaderCell.swift */ = {isa = PBXFileReference; lastKnownFileType = sourcecode.swift; path = HeaderCell.swift; sourceTree = "<group>"; };
		F8312DE1292765D200FC6073 /* HeaderCell.xib */ = {isa = PBXFileReference; lastKnownFileType = file.xib; path = HeaderCell.xib; sourceTree = "<group>"; };
		F8312DE72928814700FC6073 /* ScheduleCell.swift */ = {isa = PBXFileReference; lastKnownFileType = sourcecode.swift; path = ScheduleCell.swift; sourceTree = "<group>"; };
		F8312DE82928814700FC6073 /* ScheduleCell.xib */ = {isa = PBXFileReference; lastKnownFileType = file.xib; path = ScheduleCell.xib; sourceTree = "<group>"; };
/* End PBXFileReference section */

/* Begin PBXFrameworksBuildPhase section */
		F8258EF5292231E3004F81D9 /* Frameworks */ = {
			isa = PBXFrameworksBuildPhase;
			buildActionMask = 2147483647;
			files = (
				6D060D1465623CCD19318B69 /* Pods_datn_app.framework in Frameworks */,
			);
			runOnlyForDeploymentPostprocessing = 0;
		};
/* End PBXFrameworksBuildPhase section */

/* Begin PBXGroup section */
		0BEC448F20FD63502F694708 /* Pods */ = {
			isa = PBXGroup;
			children = (
				8267E7EEB3F002C59F250738 /* Pods-datn-app.debug.xcconfig */,
				3F8B446687BD2A76E3C9EE67 /* Pods-datn-app.release.xcconfig */,
			);
			path = Pods;
			sourceTree = "<group>";
		};
		F663EA71E3C8AED83238FBB7 /* Frameworks */ = {
			isa = PBXGroup;
			children = (
				65C89562E6BC4AE74F9CFE79 /* Pods_datn_app.framework */,
			);
			name = Frameworks;
			sourceTree = "<group>";
		};
		F8258EEF292231E3004F81D9 = {
			isa = PBXGroup;
			children = (
				F8258EFA292231E3004F81D9 /* datn-app */,
				F8258EF9292231E3004F81D9 /* Products */,
				0BEC448F20FD63502F694708 /* Pods */,
				F663EA71E3C8AED83238FBB7 /* Frameworks */,
			);
			sourceTree = "<group>";
		};
		F8258EF9292231E3004F81D9 /* Products */ = {
			isa = PBXGroup;
			children = (
				F8258EF8292231E3004F81D9 /* datn-app.app */,
			);
			name = Products;
			sourceTree = "<group>";
		};
		F8258EFA292231E3004F81D9 /* datn-app */ = {
			isa = PBXGroup;
			children = (
				F8258F1629223A6B004F81D9 /* Common */,
				F8258F1529223A60004F81D9 /* Extension */,
				F8258F1429223A57004F81D9 /* Networking */,
				F8258F1329223A53004F81D9 /* Data */,
				F8258F1229223A47004F81D9 /* Managers */,
				F8258F1129223A2E004F81D9 /* Modules */,
				F8258F1029223A24004F81D9 /* Resource */,
				F8258F0F29223A0B004F81D9 /* Application */,
				F8258F01292231E3004F81D9 /* Main.storyboard */,
				F8258F06292231ED004F81D9 /* LaunchScreen.storyboard */,
				F8258F09292231ED004F81D9 /* Info.plist */,
			);
			path = "datn-app";
			sourceTree = "<group>";
		};
		F8258F0F29223A0B004F81D9 /* Application */ = {
			isa = PBXGroup;
			children = (
				F8258F6F29224143004F81D9 /* AppDelegate.swift */,
				F8258F7029224143004F81D9 /* SceneDelegate.swift */,
			);
			path = Application;
			sourceTree = "<group>";
		};
		F8258F1029223A24004F81D9 /* Resource */ = {
			isa = PBXGroup;
			children = (
				F8312D6629260CA000FC6073 /* Font */,
				F8258F04292231ED004F81D9 /* Assets.xcassets */,
			);
			path = Resource;
			sourceTree = "<group>";
		};
		F8258F1129223A2E004F81D9 /* Modules */ = {
			isa = PBXGroup;
			children = (
				F8312DE52928810300FC6073 /* Student */,
				F8312D5F2925D41A00FC6073 /* Login */,
			);
			path = Modules;
			sourceTree = "<group>";
		};
		F8258F1229223A47004F81D9 /* Managers */ = {
			isa = PBXGroup;
			children = (
				F8258F6629223C81004F81D9 /* QRCodeGenerate.swift */,
				F8258F6029223C4E004F81D9 /* AppLogger.swift */,
				F8258F5829223C10004F81D9 /* TimeConvert.swift */,
				F8258F5B29223C11004F81D9 /* UserDefaultUtils.swift */,
				F8258F5929223C11004F81D9 /* Validation.swift */,
				F8258F5629223BF2004F81D9 /* Constant.swift */,
				F8258F5429223BE6004F81D9 /* AppMessagesManager.swift */,
			);
			path = Managers;
			sourceTree = "<group>";
		};
		F8258F1329223A53004F81D9 /* Data */ = {
			isa = PBXGroup;
			children = (
			);
			path = Data;
			sourceTree = "<group>";
		};
		F8258F1429223A57004F81D9 /* Networking */ = {
			isa = PBXGroup;
			children = (
				F8258F6829223D3B004F81D9 /* ReachabilityService */,
				F8258F6429223C6D004F81D9 /* ClientAPI.swift */,
				F8258F6229223C62004F81D9 /* TargetType.swift */,
				F8258F5229223BA0004F81D9 /* PingManager.swift */,
				F8258F5029223B8D004F81D9 /* Provider.swift */,
			);
			path = Networking;
			sourceTree = "<group>";
		};
		F8258F1529223A60004F81D9 /* Extension */ = {
			isa = PBXGroup;
			children = (
				F8258F2829223AE0004F81D9 /* Array+Extension.swift */,
				F8258F3229223AE2004F81D9 /* AVPlayer+Ext.swift */,
				F8258F2529223ADF004F81D9 /* CIImage+Extension.swift */,
				F8258F2029223ADE004F81D9 /* Collection+Extension.swift */,
				F8258F2429223ADF004F81D9 /* CollectionView+Extension.swift */,
				F8258F1929223ADD004F81D9 /* Data+Extension.swift */,
				F8258F2B29223AE0004F81D9 /* Date+Extension.swift */,
				F8258F2E29223AE1004F81D9 /* Doule+Extension.swift */,
				F8258F2729223AE0004F81D9 /* Int64+Extension.swift */,
				F8258F2229223ADF004F81D9 /* NavigationController+Extension.swift */,
				F8258F2C29223AE0004F81D9 /* NSLayoutConstraint+Extension.swift */,
				F8258F1A29223ADD004F81D9 /* NSObject+Extension.swift */,
				F8258F2D29223AE1004F81D9 /* Observable+Operators.swift */,
				F8258F1C29223ADE004F81D9 /* PaddingLabelExtension.swift */,
				F8258F2929223AE0004F81D9 /* ReactiveTextfield+Extension.swift */,
				F8258F1D29223ADE004F81D9 /* ReactiveUIControl+Extension.swift */,
				F8258F2A29223AE0004F81D9 /* String+Extension.swift */,
				F8258F3029223AE1004F81D9 /* Switch+Extension.swift */,
				F8258F1E29223ADE004F81D9 /* TabbarController+Extension.swift */,
				F8258F3129223AE1004F81D9 /* Textfield+Extension.swift */,
				F8258F1F29223ADE004F81D9 /* UIBarButtonItem+Extension.swift */,
				F8258F2129223ADE004F81D9 /* UIButton+Extension.swift */,
				F8258F2629223ADF004F81D9 /* UIFont+Extension.swift */,
				F8258F1829223ADD004F81D9 /* UIImageView+Extension.swift */,
				F8258F1B29223ADD004F81D9 /* UIScrollView+Extension.swift */,
				F8258F2F29223AE1004F81D9 /* UIView+Extension.swift */,
				F8258F2329223ADF004F81D9 /* ViewController+Extension.swift */,
				F8312DAA2926272D00FC6073 /* LAContext+Extension.swift */,
			);
			path = Extension;
			sourceTree = "<group>";
		};
		F8258F1629223A6B004F81D9 /* Common */ = {
			isa = PBXGroup;
			children = (
				F8312DAC2926348300FC6073 /* PopupCustom */,
				F8312DA329260E2800FC6073 /* TextFieldCustom */,
			);
			path = Common;
			sourceTree = "<group>";
		};
		F8258F6829223D3B004F81D9 /* ReachabilityService */ = {
			isa = PBXGroup;
			children = (
				F8258F6929223D41004F81D9 /* ReachabilityService.swift */,
			);
			path = ReachabilityService;
			sourceTree = "<group>";
		};
		F8312D5F2925D41A00FC6073 /* Login */ = {
			isa = PBXGroup;
			children = (
				F8312D602925D43600FC6073 /* LoginViewController.swift */,
				F8312D612925D43600FC6073 /* LoginViewController.xib */,
			);
			path = Login;
			sourceTree = "<group>";
		};
		F8312D6629260CA000FC6073 /* Font */ = {
			isa = PBXGroup;
			children = (
				F8312D6729260CA000FC6073 /* Roboto-Medium.ttf */,
				F8312D6829260CA000FC6073 /* Roboto-Light.ttf */,
				F8312D6929260CA000FC6073 /* OpenSans-SemiBold.ttf */,
				F8312D6A29260CA000FC6073 /* RobotoCondensed-Bold.ttf */,
				F8312D6B29260CA000FC6073 /* RobotoCondensed-Light.ttf */,
				F8312D6C29260CA000FC6073 /* Roboto-Regular.ttf */,
				F8312D6D29260CA000FC6073 /* Roboto-MediumItalic.ttf */,
				F8312D6E29260CA000FC6073 /* RobotoCondensed-Italic.ttf */,
				F8312D6F29260CA000FC6073 /* RobotoCondensed-BoldItalic.ttf */,
				F8312D7029260CA000FC6073 /* OpenSans-Light.ttf */,
				F8312D7129260CA000FC6073 /* OpenSans-Italic.ttf */,
				F8312D7229260CA000FC6073 /* Apache License.txt */,
				F8312D7329260CA000FC6073 /* RobotoCondensed-LightItalic.ttf */,
				F8312D7429260CA000FC6073 /* OpenSans-ExtraBold.ttf */,
				F8312D7529260CA000FC6073 /* OpenSans-LightItalic.ttf */,
				F8312D7629260CA000FC6073 /* Roboto-ThinItalic.ttf */,
				F8312D7729260CA000FC6073 /* RobotoCondensed-Regular.ttf */,
				F8312D7829260CA000FC6073 /* OpenSans-Bold.ttf */,
				F8312D7929260CA000FC6073 /* Roboto-BoldItalic.ttf */,
				F8312D7A29260CA000FC6073 /* OpenSans-SemiBoldItalic.ttf */,
				F8312D7B29260CA000FC6073 /* Roboto-LightItalic.ttf */,
				F8312D7C29260CA000FC6073 /* OpenSans-ExtraBoldItalic.ttf */,
				F8312D7D29260CA000FC6073 /* Roboto-Italic.ttf */,
				F8312D7E29260CA000FC6073 /* LICENSE.txt */,
				F8312D7F29260CA000FC6073 /* Roboto-BlackItalic.ttf */,
				F8312D8029260CA000FC6073 /* OpenSans-Regular.ttf */,
				F8312D8129260CA000FC6073 /* OpenSans-BoldItalic.ttf */,
				F8312D8229260CA000FC6073 /* Roboto-Bold.ttf */,
				F8312D8329260CA000FC6073 /* Roboto-Thin.ttf */,
				F8312D8429260CA000FC6073 /* Roboto-Black.ttf */,
			);
			path = Font;
			sourceTree = "<group>";
		};
		F8312DA329260E2800FC6073 /* TextFieldCustom */ = {
			isa = PBXGroup;
			children = (
				F8312DA629260E5D00FC6073 /* TextFieldCustom.swift */,
				F8312DA829260E7A00FC6073 /* TextFieldCustom.xib */,
			);
			path = TextFieldCustom;
			sourceTree = "<group>";
		};
		F8312DAC2926348300FC6073 /* PopupCustom */ = {
			isa = PBXGroup;
			children = (
				F8312DAD2926352B00FC6073 /* PopupCustom.swift */,
				F8312DAE2926352B00FC6073 /* PopupCustom.xib */,
			);
			path = PopupCustom;
			sourceTree = "<group>";
		};
		F8312DB32927174B00FC6073 /* RootTabBar */ = {
			isa = PBXGroup;
			children = (
				F8312DB4292717DC00FC6073 /* RootTabBarViewController.swift */,
			);
			path = RootTabBar;
			sourceTree = "<group>";
		};
		F8312DB62927188700FC6073 /* Home */ = {
			isa = PBXGroup;
			children = (
				F8312DCF2927445B00FC6073 /* Cell */,
				F8312DBA292718EE00FC6073 /* HomeViewController.swift */,
				F8312DBB292718EE00FC6073 /* HomeViewController.xib */,
			);
			path = Home;
			sourceTree = "<group>";
		};
		F8312DB72927188C00FC6073 /* Notification */ = {
			isa = PBXGroup;
			children = (
				F8312DBE2927193C00FC6073 /* NotificationViewController.swift */,
				F8312DBF2927193C00FC6073 /* NotificationViewController.xib */,
			);
			path = Notification;
			sourceTree = "<group>";
		};
		F8312DB8292718B800FC6073 /* Individual */ = {
			isa = PBXGroup;
			children = (
				F8312DC22927196400FC6073 /* IndividualViewController.swift */,
				F8312DC32927196400FC6073 /* IndividualViewController.xib */,
			);
			path = Individual;
			sourceTree = "<group>";
		};
		F8312DB9292718D300FC6073 /* Learning */ = {
			isa = PBXGroup;
			children = (
				F8312DC62927198E00FC6073 /* LearningViewController.swift */,
				F8312DC72927198E00FC6073 /* LearningViewController.xib */,
			);
			path = Learning;
			sourceTree = "<group>";
		};
		F8312DCA2927261700FC6073 /* Splash */ = {
			isa = PBXGroup;
			children = (
				F8312DCB292726B100FC6073 /* SplashViewController.swift */,
				F8312DCC292726B100FC6073 /* SplashViewController.xib */,
			);
			path = Splash;
			sourceTree = "<group>";
		};
		F8312DCF2927445B00FC6073 /* Cell */ = {
			isa = PBXGroup;
			children = (
				F8312DE62928812D00FC6073 /* ScheduleCell */,
				F8312DDF292765BD00FC6073 /* HeaderCell */,
				F8312DDA2927459400FC6073 /* HotNews */,
				F8312DD52927449900FC6073 /* PopularFeatureCell */,
				F8312DD42927448B00FC6073 /* DefaultHomeTableViewCell */,
			);
			path = Cell;
			sourceTree = "<group>";
		};
		F8312DD42927448B00FC6073 /* DefaultHomeTableViewCell */ = {
			isa = PBXGroup;
			children = (
				F8312DD02927448300FC6073 /* DefaultHomeTableViewCell.swift */,
				F8312DD12927448300FC6073 /* DefaultHomeTableViewCell.xib */,
			);
			path = DefaultHomeTableViewCell;
			sourceTree = "<group>";
		};
		F8312DD52927449900FC6073 /* PopularFeatureCell */ = {
			isa = PBXGroup;
			children = (
				F8312DD6292744CE00FC6073 /* PopularFeatureCell.swift */,
				F8312DD7292744CE00FC6073 /* PopularFeatureCell.xib */,
			);
			path = PopularFeatureCell;
			sourceTree = "<group>";
		};
		F8312DDA2927459400FC6073 /* HotNews */ = {
			isa = PBXGroup;
			children = (
				F8312DDB292745A500FC6073 /* HotNewsCell.swift */,
				F8312DDC292745A500FC6073 /* HotNewsCell.xib */,
			);
			path = HotNews;
			sourceTree = "<group>";
		};
		F8312DDF292765BD00FC6073 /* HeaderCell */ = {
			isa = PBXGroup;
			children = (
				F8312DE0292765D200FC6073 /* HeaderCell.swift */,
				F8312DE1292765D200FC6073 /* HeaderCell.xib */,
			);
			path = HeaderCell;
			sourceTree = "<group>";
		};
		F8312DE52928810300FC6073 /* Student */ = {
			isa = PBXGroup;
			children = (
				F8312DCA2927261700FC6073 /* Splash */,
				F8312DB9292718D300FC6073 /* Learning */,
				F8312DB8292718B800FC6073 /* Individual */,
				F8312DB72927188C00FC6073 /* Notification */,
				F8312DB62927188700FC6073 /* Home */,
				F8312DB32927174B00FC6073 /* RootTabBar */,
			);
			path = Student;
			sourceTree = "<group>";
		};
		F8312DE62928812D00FC6073 /* ScheduleCell */ = {
			isa = PBXGroup;
			children = (
				F8312DE72928814700FC6073 /* ScheduleCell.swift */,
				F8312DE82928814700FC6073 /* ScheduleCell.xib */,
			);
			path = ScheduleCell;
			sourceTree = "<group>";
		};
/* End PBXGroup section */

/* Begin PBXNativeTarget section */
		F8258EF7292231E3004F81D9 /* datn-app */ = {
			isa = PBXNativeTarget;
			buildConfigurationList = F8258F0C292231ED004F81D9 /* Build configuration list for PBXNativeTarget "datn-app" */;
			buildPhases = (
				64B8D2BBC5DA94EC9BAECF4C /* [CP] Check Pods Manifest.lock */,
				F8258EF4292231E3004F81D9 /* Sources */,
				F8258EF5292231E3004F81D9 /* Frameworks */,
				F8258EF6292231E3004F81D9 /* Resources */,
				8F9A95B7FF4CB1FB37BCAA2F /* [CP] Embed Pods Frameworks */,
			);
			buildRules = (
			);
			dependencies = (
			);
			name = "datn-app";
			productName = "datn-app";
			productReference = F8258EF8292231E3004F81D9 /* datn-app.app */;
			productType = "com.apple.product-type.application";
		};
/* End PBXNativeTarget section */

/* Begin PBXProject section */
		F8258EF0292231E3004F81D9 /* Project object */ = {
			isa = PBXProject;
			attributes = {
				BuildIndependentTargetsInParallel = 1;
				LastSwiftUpdateCheck = 1340;
				LastUpgradeCheck = 1340;
				TargetAttributes = {
					F8258EF7292231E3004F81D9 = {
						CreatedOnToolsVersion = 13.4.1;
					};
				};
			};
			buildConfigurationList = F8258EF3292231E3004F81D9 /* Build configuration list for PBXProject "datn-app" */;
			compatibilityVersion = "Xcode 13.0";
			developmentRegion = en;
			hasScannedForEncodings = 0;
			knownRegions = (
				en,
				Base,
			);
			mainGroup = F8258EEF292231E3004F81D9;
			productRefGroup = F8258EF9292231E3004F81D9 /* Products */;
			projectDirPath = "";
			projectRoot = "";
			targets = (
				F8258EF7292231E3004F81D9 /* datn-app */,
			);
		};
/* End PBXProject section */

/* Begin PBXResourcesBuildPhase section */
		F8258EF6292231E3004F81D9 /* Resources */ = {
			isa = PBXResourcesBuildPhase;
			buildActionMask = 2147483647;
			files = (
				F8312D9829260CA000FC6073 /* OpenSans-SemiBoldItalic.ttf in Resources */,
				F8312DD9292744CE00FC6073 /* PopularFeatureCell.xib in Resources */,
				F8312D9D29260CA000FC6073 /* Roboto-BlackItalic.ttf in Resources */,
				F8312D9629260CA000FC6073 /* OpenSans-Bold.ttf in Resources */,
				F8312DBD292718EE00FC6073 /* HomeViewController.xib in Resources */,
				F8312D9429260CA000FC6073 /* Roboto-ThinItalic.ttf in Resources */,
				F8312D8D29260CA000FC6073 /* RobotoCondensed-BoldItalic.ttf in Resources */,
				F8312DA229260CA000FC6073 /* Roboto-Black.ttf in Resources */,
				F8312D8529260CA000FC6073 /* Roboto-Medium.ttf in Resources */,
				F8312DB02926352B00FC6073 /* PopupCustom.xib in Resources */,
				F8312D8E29260CA000FC6073 /* OpenSans-Light.ttf in Resources */,
				F8312D8F29260CA000FC6073 /* OpenSans-Italic.ttf in Resources */,
				F8312D8929260CA000FC6073 /* RobotoCondensed-Light.ttf in Resources */,
				F8312DD32927448300FC6073 /* DefaultHomeTableViewCell.xib in Resources */,
				F8312DEA2928814700FC6073 /* ScheduleCell.xib in Resources */,
				F8312D9129260CA000FC6073 /* RobotoCondensed-LightItalic.ttf in Resources */,
				F8312D9E29260CA000FC6073 /* OpenSans-Regular.ttf in Resources */,
				F8312DDE292745A500FC6073 /* HotNewsCell.xib in Resources */,
				F8312D9F29260CA000FC6073 /* OpenSans-BoldItalic.ttf in Resources */,
				F8312DC12927193C00FC6073 /* NotificationViewController.xib in Resources */,
				F8312D9A29260CA000FC6073 /* OpenSans-ExtraBoldItalic.ttf in Resources */,
				F8312D9B29260CA000FC6073 /* Roboto-Italic.ttf in Resources */,
				F8312DA029260CA000FC6073 /* Roboto-Bold.ttf in Resources */,
				F8312D9029260CA000FC6073 /* Apache License.txt in Resources */,
				F8312D8A29260CA000FC6073 /* Roboto-Regular.ttf in Resources */,
				F8312D9529260CA000FC6073 /* RobotoCondensed-Regular.ttf in Resources */,
				F8312DE3292765D200FC6073 /* HeaderCell.xib in Resources */,
				F8312DC52927196400FC6073 /* IndividualViewController.xib in Resources */,
				F8312D632925D43600FC6073 /* LoginViewController.xib in Resources */,
				F8312D8829260CA000FC6073 /* RobotoCondensed-Bold.ttf in Resources */,
				F8312D8C29260CA000FC6073 /* RobotoCondensed-Italic.ttf in Resources */,
				F8312D9229260CA000FC6073 /* OpenSans-ExtraBold.ttf in Resources */,
				F8312D8729260CA000FC6073 /* OpenSans-SemiBold.ttf in Resources */,
				F8312D9929260CA000FC6073 /* Roboto-LightItalic.ttf in Resources */,
				F8312D9C29260CA000FC6073 /* LICENSE.txt in Resources */,
				F8312D9729260CA000FC6073 /* Roboto-BoldItalic.ttf in Resources */,
				F8312DA129260CA000FC6073 /* Roboto-Thin.ttf in Resources */,
				F8312D8629260CA000FC6073 /* Roboto-Light.ttf in Resources */,
				F8312DA929260E7A00FC6073 /* TextFieldCustom.xib in Resources */,
				F8312DC92927198F00FC6073 /* LearningViewController.xib in Resources */,
				F8258F08292231ED004F81D9 /* LaunchScreen.storyboard in Resources */,
				F8312D9329260CA000FC6073 /* OpenSans-LightItalic.ttf in Resources */,
				F8258F05292231ED004F81D9 /* Assets.xcassets in Resources */,
				F8312D8B29260CA000FC6073 /* Roboto-MediumItalic.ttf in Resources */,
				F8312DCE292726B100FC6073 /* SplashViewController.xib in Resources */,
				F8258F03292231E3004F81D9 /* Main.storyboard in Resources */,
			);
			runOnlyForDeploymentPostprocessing = 0;
		};
/* End PBXResourcesBuildPhase section */

/* Begin PBXShellScriptBuildPhase section */
		64B8D2BBC5DA94EC9BAECF4C /* [CP] Check Pods Manifest.lock */ = {
			isa = PBXShellScriptBuildPhase;
			buildActionMask = 2147483647;
			files = (
			);
			inputFileListPaths = (
			);
			inputPaths = (
				"${PODS_PODFILE_DIR_PATH}/Podfile.lock",
				"${PODS_ROOT}/Manifest.lock",
			);
			name = "[CP] Check Pods Manifest.lock";
			outputFileListPaths = (
			);
			outputPaths = (
				"$(DERIVED_FILE_DIR)/Pods-datn-app-checkManifestLockResult.txt",
			);
			runOnlyForDeploymentPostprocessing = 0;
			shellPath = /bin/sh;
			shellScript = "diff \"${PODS_PODFILE_DIR_PATH}/Podfile.lock\" \"${PODS_ROOT}/Manifest.lock\" > /dev/null\nif [ $? != 0 ] ; then\n    # print error to STDERR\n    echo \"error: The sandbox is not in sync with the Podfile.lock. Run 'pod install' or update your CocoaPods installation.\" >&2\n    exit 1\nfi\n# This output is used by Xcode 'outputs' to avoid re-running this script phase.\necho \"SUCCESS\" > \"${SCRIPT_OUTPUT_FILE_0}\"\n";
			showEnvVarsInLog = 0;
		};
		8F9A95B7FF4CB1FB37BCAA2F /* [CP] Embed Pods Frameworks */ = {
			isa = PBXShellScriptBuildPhase;
			buildActionMask = 2147483647;
			files = (
			);
			inputFileListPaths = (
				"${PODS_ROOT}/Target Support Files/Pods-datn-app/Pods-datn-app-frameworks-${CONFIGURATION}-input-files.xcfilelist",
			);
			name = "[CP] Embed Pods Frameworks";
			outputFileListPaths = (
				"${PODS_ROOT}/Target Support Files/Pods-datn-app/Pods-datn-app-frameworks-${CONFIGURATION}-output-files.xcfilelist",
			);
			runOnlyForDeploymentPostprocessing = 0;
			shellPath = /bin/sh;
			shellScript = "\"${PODS_ROOT}/Target Support Files/Pods-datn-app/Pods-datn-app-frameworks.sh\"\n";
			showEnvVarsInLog = 0;
		};
/* End PBXShellScriptBuildPhase section */

/* Begin PBXSourcesBuildPhase section */
		F8258EF4292231E3004F81D9 /* Sources */ = {
			isa = PBXSourcesBuildPhase;
			buildActionMask = 2147483647;
			files = (
				F8312D622925D43600FC6073 /* LoginViewController.swift in Sources */,
				F8312DC42927196400FC6073 /* IndividualViewController.swift in Sources */,
				F8258F4C29223AE2004F81D9 /* Textfield+Extension.swift in Sources */,
				F8312DCD292726B100FC6073 /* SplashViewController.swift in Sources */,
				F8312DC02927193C00FC6073 /* NotificationViewController.swift in Sources */,
				F8312DB5292717DC00FC6073 /* RootTabBarViewController.swift in Sources */,
				F8312DA729260E5D00FC6073 /* TextFieldCustom.swift in Sources */,
				F8258F5729223BF2004F81D9 /* Constant.swift in Sources */,
				F8258F5C29223C11004F81D9 /* TimeConvert.swift in Sources */,
				F8258F6129223C4E004F81D9 /* AppLogger.swift in Sources */,
				F8312DE92928814700FC6073 /* ScheduleCell.swift in Sources */,
				F8258F6729223C81004F81D9 /* QRCodeGenerate.swift in Sources */,
				F8258F3629223AE2004F81D9 /* UIScrollView+Extension.swift in Sources */,
				F8258F5129223B8D004F81D9 /* Provider.swift in Sources */,
				F8258F3B29223AE2004F81D9 /* Collection+Extension.swift in Sources */,
				F8258F7129224143004F81D9 /* AppDelegate.swift in Sources */,
				F8258F3C29223AE2004F81D9 /* UIButton+Extension.swift in Sources */,
				F8258F4029223AE2004F81D9 /* CIImage+Extension.swift in Sources */,
				F8258F4829223AE2004F81D9 /* Observable+Operators.swift in Sources */,
				F8312DAB2926272D00FC6073 /* LAContext+Extension.swift in Sources */,
				F8258F3729223AE2004F81D9 /* PaddingLabelExtension.swift in Sources */,
				F8312DDD292745A500FC6073 /* HotNewsCell.swift in Sources */,
				F8258F4629223AE2004F81D9 /* Date+Extension.swift in Sources */,
				F8258F4129223AE2004F81D9 /* UIFont+Extension.swift in Sources */,
				F8312DD22927448300FC6073 /* DefaultHomeTableViewCell.swift in Sources */,
				F8312DBC292718EE00FC6073 /* HomeViewController.swift in Sources */,
				F8312DC82927198E00FC6073 /* LearningViewController.swift in Sources */,
				F8258F3829223AE2004F81D9 /* ReactiveUIControl+Extension.swift in Sources */,
				F8258F4929223AE2004F81D9 /* Doule+Extension.swift in Sources */,
				F8258F4A29223AE2004F81D9 /* UIView+Extension.swift in Sources */,
				F8258F6A29223D41004F81D9 /* ReachabilityService.swift in Sources */,
				F8258F3D29223AE2004F81D9 /* NavigationController+Extension.swift in Sources */,
				F8312DE2292765D200FC6073 /* HeaderCell.swift in Sources */,
				F8258F6329223C62004F81D9 /* TargetType.swift in Sources */,
				F8258F3F29223AE2004F81D9 /* CollectionView+Extension.swift in Sources */,
				F8258F4329223AE2004F81D9 /* Array+Extension.swift in Sources */,
				F8258F6529223C6D004F81D9 /* ClientAPI.swift in Sources */,
				F8258F4529223AE2004F81D9 /* String+Extension.swift in Sources */,
				F8258F3E29223AE2004F81D9 /* ViewController+Extension.swift in Sources */,
				F8258F5D29223C11004F81D9 /* Validation.swift in Sources */,
				F8258F5F29223C11004F81D9 /* UserDefaultUtils.swift in Sources */,
				F8258F4D29223AE2004F81D9 /* AVPlayer+Ext.swift in Sources */,
				F8258F5329223BA0004F81D9 /* PingManager.swift in Sources */,
				F8258F3A29223AE2004F81D9 /* UIBarButtonItem+Extension.swift in Sources */,
				F8258F4B29223AE2004F81D9 /* Switch+Extension.swift in Sources */,
				F8258F3429223AE2004F81D9 /* Data+Extension.swift in Sources */,
				F8312DD8292744CE00FC6073 /* PopularFeatureCell.swift in Sources */,
				F8258F3329223AE2004F81D9 /* UIImageView+Extension.swift in Sources */,
				F8258F4429223AE2004F81D9 /* ReactiveTextfield+Extension.swift in Sources */,
				F8258F4229223AE2004F81D9 /* Int64+Extension.swift in Sources */,
				F8258F7229224143004F81D9 /* SceneDelegate.swift in Sources */,
				F8258F4729223AE2004F81D9 /* NSLayoutConstraint+Extension.swift in Sources */,
				F8258F5529223BE6004F81D9 /* AppMessagesManager.swift in Sources */,
				F8258F3929223AE2004F81D9 /* TabbarController+Extension.swift in Sources */,
				F8258F3529223AE2004F81D9 /* NSObject+Extension.swift in Sources */,
				F8312DAF2926352B00FC6073 /* PopupCustom.swift in Sources */,
			);
			runOnlyForDeploymentPostprocessing = 0;
		};
/* End PBXSourcesBuildPhase section */

/* Begin PBXVariantGroup section */
		F8258F01292231E3004F81D9 /* Main.storyboard */ = {
			isa = PBXVariantGroup;
			children = (
				F8258F02292231E3004F81D9 /* Base */,
			);
			name = Main.storyboard;
			sourceTree = "<group>";
		};
		F8258F06292231ED004F81D9 /* LaunchScreen.storyboard */ = {
			isa = PBXVariantGroup;
			children = (
				F8258F07292231ED004F81D9 /* Base */,
			);
			name = LaunchScreen.storyboard;
			sourceTree = "<group>";
		};
/* End PBXVariantGroup section */

/* Begin XCBuildConfiguration section */
		F8258F0A292231ED004F81D9 /* Debug */ = {
			isa = XCBuildConfiguration;
			buildSettings = {
				ALWAYS_SEARCH_USER_PATHS = NO;
				CLANG_ANALYZER_NONNULL = YES;
				CLANG_ANALYZER_NUMBER_OBJECT_CONVERSION = YES_AGGRESSIVE;
				CLANG_CXX_LANGUAGE_STANDARD = "gnu++17";
				CLANG_ENABLE_MODULES = YES;
				CLANG_ENABLE_OBJC_ARC = YES;
				CLANG_ENABLE_OBJC_WEAK = YES;
				CLANG_WARN_BLOCK_CAPTURE_AUTORELEASING = YES;
				CLANG_WARN_BOOL_CONVERSION = YES;
				CLANG_WARN_COMMA = YES;
				CLANG_WARN_CONSTANT_CONVERSION = YES;
				CLANG_WARN_DEPRECATED_OBJC_IMPLEMENTATIONS = YES;
				CLANG_WARN_DIRECT_OBJC_ISA_USAGE = YES_ERROR;
				CLANG_WARN_DOCUMENTATION_COMMENTS = YES;
				CLANG_WARN_EMPTY_BODY = YES;
				CLANG_WARN_ENUM_CONVERSION = YES;
				CLANG_WARN_INFINITE_RECURSION = YES;
				CLANG_WARN_INT_CONVERSION = YES;
				CLANG_WARN_NON_LITERAL_NULL_CONVERSION = YES;
				CLANG_WARN_OBJC_IMPLICIT_RETAIN_SELF = YES;
				CLANG_WARN_OBJC_LITERAL_CONVERSION = YES;
				CLANG_WARN_OBJC_ROOT_CLASS = YES_ERROR;
				CLANG_WARN_QUOTED_INCLUDE_IN_FRAMEWORK_HEADER = YES;
				CLANG_WARN_RANGE_LOOP_ANALYSIS = YES;
				CLANG_WARN_STRICT_PROTOTYPES = YES;
				CLANG_WARN_SUSPICIOUS_MOVE = YES;
				CLANG_WARN_UNGUARDED_AVAILABILITY = YES_AGGRESSIVE;
				CLANG_WARN_UNREACHABLE_CODE = YES;
				CLANG_WARN__DUPLICATE_METHOD_MATCH = YES;
				COPY_PHASE_STRIP = NO;
				DEBUG_INFORMATION_FORMAT = dwarf;
				ENABLE_STRICT_OBJC_MSGSEND = YES;
				ENABLE_TESTABILITY = YES;
				GCC_C_LANGUAGE_STANDARD = gnu11;
				GCC_DYNAMIC_NO_PIC = NO;
				GCC_NO_COMMON_BLOCKS = YES;
				GCC_OPTIMIZATION_LEVEL = 0;
				GCC_PREPROCESSOR_DEFINITIONS = (
					"DEBUG=1",
					"$(inherited)",
				);
				GCC_WARN_64_TO_32_BIT_CONVERSION = YES;
				GCC_WARN_ABOUT_RETURN_TYPE = YES_ERROR;
				GCC_WARN_UNDECLARED_SELECTOR = YES;
				GCC_WARN_UNINITIALIZED_AUTOS = YES_AGGRESSIVE;
				GCC_WARN_UNUSED_FUNCTION = YES;
				GCC_WARN_UNUSED_VARIABLE = YES;
				IPHONEOS_DEPLOYMENT_TARGET = 15.5;
				MTL_ENABLE_DEBUG_INFO = INCLUDE_SOURCE;
				MTL_FAST_MATH = YES;
				ONLY_ACTIVE_ARCH = YES;
				SDKROOT = iphoneos;
				SWIFT_ACTIVE_COMPILATION_CONDITIONS = DEBUG;
				SWIFT_OPTIMIZATION_LEVEL = "-Onone";
			};
			name = Debug;
		};
		F8258F0B292231ED004F81D9 /* Release */ = {
			isa = XCBuildConfiguration;
			buildSettings = {
				ALWAYS_SEARCH_USER_PATHS = NO;
				CLANG_ANALYZER_NONNULL = YES;
				CLANG_ANALYZER_NUMBER_OBJECT_CONVERSION = YES_AGGRESSIVE;
				CLANG_CXX_LANGUAGE_STANDARD = "gnu++17";
				CLANG_ENABLE_MODULES = YES;
				CLANG_ENABLE_OBJC_ARC = YES;
				CLANG_ENABLE_OBJC_WEAK = YES;
				CLANG_WARN_BLOCK_CAPTURE_AUTORELEASING = YES;
				CLANG_WARN_BOOL_CONVERSION = YES;
				CLANG_WARN_COMMA = YES;
				CLANG_WARN_CONSTANT_CONVERSION = YES;
				CLANG_WARN_DEPRECATED_OBJC_IMPLEMENTATIONS = YES;
				CLANG_WARN_DIRECT_OBJC_ISA_USAGE = YES_ERROR;
				CLANG_WARN_DOCUMENTATION_COMMENTS = YES;
				CLANG_WARN_EMPTY_BODY = YES;
				CLANG_WARN_ENUM_CONVERSION = YES;
				CLANG_WARN_INFINITE_RECURSION = YES;
				CLANG_WARN_INT_CONVERSION = YES;
				CLANG_WARN_NON_LITERAL_NULL_CONVERSION = YES;
				CLANG_WARN_OBJC_IMPLICIT_RETAIN_SELF = YES;
				CLANG_WARN_OBJC_LITERAL_CONVERSION = YES;
				CLANG_WARN_OBJC_ROOT_CLASS = YES_ERROR;
				CLANG_WARN_QUOTED_INCLUDE_IN_FRAMEWORK_HEADER = YES;
				CLANG_WARN_RANGE_LOOP_ANALYSIS = YES;
				CLANG_WARN_STRICT_PROTOTYPES = YES;
				CLANG_WARN_SUSPICIOUS_MOVE = YES;
				CLANG_WARN_UNGUARDED_AVAILABILITY = YES_AGGRESSIVE;
				CLANG_WARN_UNREACHABLE_CODE = YES;
				CLANG_WARN__DUPLICATE_METHOD_MATCH = YES;
				COPY_PHASE_STRIP = NO;
				DEBUG_INFORMATION_FORMAT = "dwarf-with-dsym";
				ENABLE_NS_ASSERTIONS = NO;
				ENABLE_STRICT_OBJC_MSGSEND = YES;
				GCC_C_LANGUAGE_STANDARD = gnu11;
				GCC_NO_COMMON_BLOCKS = YES;
				GCC_WARN_64_TO_32_BIT_CONVERSION = YES;
				GCC_WARN_ABOUT_RETURN_TYPE = YES_ERROR;
				GCC_WARN_UNDECLARED_SELECTOR = YES;
				GCC_WARN_UNINITIALIZED_AUTOS = YES_AGGRESSIVE;
				GCC_WARN_UNUSED_FUNCTION = YES;
				GCC_WARN_UNUSED_VARIABLE = YES;
				IPHONEOS_DEPLOYMENT_TARGET = 15.5;
				MTL_ENABLE_DEBUG_INFO = NO;
				MTL_FAST_MATH = YES;
				SDKROOT = iphoneos;
				SWIFT_COMPILATION_MODE = wholemodule;
				SWIFT_OPTIMIZATION_LEVEL = "-O";
				VALIDATE_PRODUCT = YES;
			};
			name = Release;
		};
		F8258F0D292231ED004F81D9 /* Debug */ = {
			isa = XCBuildConfiguration;
			baseConfigurationReference = 8267E7EEB3F002C59F250738 /* Pods-datn-app.debug.xcconfig */;
			buildSettings = {
				ASSETCATALOG_COMPILER_APPICON_NAME = AppIcon;
				ASSETCATALOG_COMPILER_GLOBAL_ACCENT_COLOR_NAME = AccentColor;
				CODE_SIGN_STYLE = Automatic;
				CURRENT_PROJECT_VERSION = 1;
				DEVELOPMENT_TEAM = A7Q5J9K3AS;
				GENERATE_INFOPLIST_FILE = YES;
				INFOPLIST_FILE = "datn-app/Info.plist";
				INFOPLIST_KEY_CFBundleDisplayName = "CSE Attendance";
				INFOPLIST_KEY_UIApplicationSupportsIndirectInputEvents = YES;
				INFOPLIST_KEY_UILaunchStoryboardName = LaunchScreen;
				INFOPLIST_KEY_UIMainStoryboardFile = Main;
				INFOPLIST_KEY_UISupportedInterfaceOrientations = UIInterfaceOrientationPortrait;
				INFOPLIST_KEY_UISupportedInterfaceOrientations_iPad = "UIInterfaceOrientationPortrait UIInterfaceOrientationPortraitUpsideDown UIInterfaceOrientationLandscapeLeft UIInterfaceOrientationLandscapeRight";
				INFOPLIST_KEY_UISupportedInterfaceOrientations_iPhone = "UIInterfaceOrientationPortrait UIInterfaceOrientationLandscapeLeft UIInterfaceOrientationLandscapeRight";
				IPHONEOS_DEPLOYMENT_TARGET = 13.0;
				LD_RUNPATH_SEARCH_PATHS = (
					"$(inherited)",
					"@executable_path/Frameworks",
				);
				MARKETING_VERSION = 1.0;
				PRODUCT_BUNDLE_IDENTIFIER = "thiemnguyen.datn-app";
				PRODUCT_NAME = "$(TARGET_NAME)";
				SWIFT_EMIT_LOC_STRINGS = YES;
				SWIFT_VERSION = 5.0;
				TARGETED_DEVICE_FAMILY = "1,2";
			};
			name = Debug;
		};
		F8258F0E292231ED004F81D9 /* Release */ = {
			isa = XCBuildConfiguration;
			baseConfigurationReference = 3F8B446687BD2A76E3C9EE67 /* Pods-datn-app.release.xcconfig */;
			buildSettings = {
				ASSETCATALOG_COMPILER_APPICON_NAME = AppIcon;
				ASSETCATALOG_COMPILER_GLOBAL_ACCENT_COLOR_NAME = AccentColor;
				CODE_SIGN_STYLE = Automatic;
				CURRENT_PROJECT_VERSION = 1;
				DEVELOPMENT_TEAM = A7Q5J9K3AS;
				GENERATE_INFOPLIST_FILE = YES;
				INFOPLIST_FILE = "datn-app/Info.plist";
				INFOPLIST_KEY_CFBundleDisplayName = "CSE Attendance";
				INFOPLIST_KEY_UIApplicationSupportsIndirectInputEvents = YES;
				INFOPLIST_KEY_UILaunchStoryboardName = LaunchScreen;
				INFOPLIST_KEY_UIMainStoryboardFile = Main;
				INFOPLIST_KEY_UISupportedInterfaceOrientations = UIInterfaceOrientationPortrait;
				INFOPLIST_KEY_UISupportedInterfaceOrientations_iPad = "UIInterfaceOrientationPortrait UIInterfaceOrientationPortraitUpsideDown UIInterfaceOrientationLandscapeLeft UIInterfaceOrientationLandscapeRight";
				INFOPLIST_KEY_UISupportedInterfaceOrientations_iPhone = "UIInterfaceOrientationPortrait UIInterfaceOrientationLandscapeLeft UIInterfaceOrientationLandscapeRight";
				IPHONEOS_DEPLOYMENT_TARGET = 13.0;
				LD_RUNPATH_SEARCH_PATHS = (
					"$(inherited)",
					"@executable_path/Frameworks",
				);
				MARKETING_VERSION = 1.0;
				PRODUCT_BUNDLE_IDENTIFIER = "thiemnguyen.datn-app";
				PRODUCT_NAME = "$(TARGET_NAME)";
				SWIFT_EMIT_LOC_STRINGS = YES;
				SWIFT_VERSION = 5.0;
				TARGETED_DEVICE_FAMILY = "1,2";
			};
			name = Release;
		};
/* End XCBuildConfiguration section */

/* Begin XCConfigurationList section */
		F8258EF3292231E3004F81D9 /* Build configuration list for PBXProject "datn-app" */ = {
			isa = XCConfigurationList;
			buildConfigurations = (
				F8258F0A292231ED004F81D9 /* Debug */,
				F8258F0B292231ED004F81D9 /* Release */,
			);
			defaultConfigurationIsVisible = 0;
			defaultConfigurationName = Release;
		};
		F8258F0C292231ED004F81D9 /* Build configuration list for PBXNativeTarget "datn-app" */ = {
			isa = XCConfigurationList;
			buildConfigurations = (
				F8258F0D292231ED004F81D9 /* Debug */,
				F8258F0E292231ED004F81D9 /* Release */,
			);
			defaultConfigurationIsVisible = 0;
			defaultConfigurationName = Release;
		};
/* End XCConfigurationList section */
	};
	rootObject = F8258EF0292231E3004F81D9 /* Project object */;
}
